PODS:
  - Alamofire (5.9.1)
  - DGCharts (5.1.0):
    - DGCharts/Core (= 5.1.0)
  - DGCharts/Core (5.1.0)
  - FSPagerView (0.8.3)
  - SVProgressHUD (2.3.1):
    - SVProgressHUD/Core (= 2.3.1)
  - SVProgressHUD/Core (2.3.1)

DEPENDENCIES:
  - Alamofire
  - DGCharts
  - FSPagerView
  - SVProgressHUD

SPEC REPOS:
  trunk:
    - Alamofire
    - DGCharts
    - FSPagerView
    - SVProgressHUD

SPEC CHECKSUMS:
  Alamofire: f36a35757af4587d8e4f4bfa223ad10be2422b8c
  DGCharts: 1c6daf585b6cfc78807af44ea690d357c410627f
  FSPagerView: 670405b2f18e2a87fa37f20b00de783e562c25a8
  SVProgressHUD: 4837c74bdfe2e51e8821c397825996a8d7de6e22

PODFILE CHECKSUM: 7d8b2e9423bf56e01ae7c0415e52eb1e0364232f

COCOAPODS: 1.15.2
